
Microsoft Visual Studio Solution File, Format Version 12.00
# Visual Studio 15
VisualStudioVersion = 15.0.28010.2046
MinimumVisualStudioVersion = 10.0.40219.1
Project("{9A19103F-16F7-4668-BE54-9A1E7A4F7556}") = "NebulaChat.WebApi", "NebulaChat.WebApi\NebulaChat.WebApi.csproj", "{B034A9FB-8202-42DA-9A5E-761A86945626}"
EndProject
Project("{9A19103F-16F7-4668-BE54-9A1E7A4F7556}") = "NebulaChat.Data", "NebulaChat.Data\NebulaChat.Data.csproj", "{7AD75169-B7CD-4410-91E5-E9C41AC4E38A}"
EndProject
Project("{9A19103F-16F7-4668-BE54-9A1E7A4F7556}") = "NebulaChat.Core", "NebulaChat.Core\NebulaChat.Core.csproj", "{BB6C85A6-F303-40E6-A972-FA7C503E853E}"
EndProject
Project("{2150E333-8FDC-42A3-9474-1A3956D46DE8}") = "Solution Items", "Solution Items", "{2F3550EE-E5E6-41AE-A98B-3F114F087932}"
	ProjectSection(SolutionItems) = preProject
		README.md = README.md
	EndProjectSection
EndProject
Global
	GlobalSection(SolutionConfigurationPlatforms) = preSolution
		Debug|Any CPU = Debug|Any CPU
		Release|Any CPU = Release|Any CPU
	EndGlobalSection
	GlobalSection(ProjectConfigurationPlatforms) = postSolution
		{B034A9FB-8202-42DA-9A5E-761A86945626}.Debug|Any CPU.ActiveCfg = Debug|Any CPU
		{B034A9FB-8202-42DA-9A5E-761A86945626}.Debug|Any CPU.Build.0 = Debug|Any CPU
		{B034A9FB-8202-42DA-9A5E-761A86945626}.Release|Any CPU.ActiveCfg = Release|Any CPU
		{B034A9FB-8202-42DA-9A5E-761A86945626}.Release|Any CPU.Build.0 = Release|Any CPU
		{7AD75169-B7CD-4410-91E5-E9C41AC4E38A}.Debug|Any CPU.ActiveCfg = Debug|Any CPU
		{7AD75169-B7CD-4410-91E5-E9C41AC4E38A}.Debug|Any CPU.Build.0 = Debug|Any CPU
		{7AD75169-B7CD-4410-91E5-E9C41AC4E38A}.Release|Any CPU.ActiveCfg = Release|Any CPU
		{7AD75169-B7CD-4410-91E5-E9C41AC4E38A}.Release|Any CPU.Build.0 = Release|Any CPU
		{BB6C85A6-F303-40E6-A972-FA7C503E853E}.Debug|Any CPU.ActiveCfg = Debug|Any CPU
		{BB6C85A6-F303-40E6-A972-FA7C503E853E}.Debug|Any CPU.Build.0 = Debug|Any CPU
		{BB6C85A6-F303-40E6-A972-FA7C503E853E}.Release|Any CPU.ActiveCfg = Release|Any CPU
		{BB6C85A6-F303-40E6-A972-FA7C503E853E}.Release|Any CPU.Build.0 = Release|Any CPU
	EndGlobalSection
	GlobalSection(SolutionProperties) = preSolution
		HideSolutionNode = FALSE
	EndGlobalSection
	GlobalSection(ExtensibilityGlobals) = postSolution
		SolutionGuid = {AABFFBF1-4F92-4BA3-A351-AC1DEFC8BBC8}
	EndGlobalSection
EndGlobal
